
Microsoft Visual Studio Solution File, Format Version 12.00
# Visual Studio Version 16
VisualStudioVersion = 16.0.28922.388
MinimumVisualStudioVersion = 10.0.40219.1
Project("{FAE04EC0-301F-11D3-BF4B-00C04F79EFBC}") = "EmailExamining", "WindowsFormsApp1\EmailExamining.csproj", "{59217B2A-45D0-4FE5-94F9-8187987EE142}"
EndProject
Global
	GlobalSection(SolutionConfigurationPlatforms) = preSolution
		Debug|Any CPU = Debug|Any CPU
		Release|Any CPU = Release|Any CPU
	EndGlobalSection
	GlobalSection(ProjectConfigurationPlatforms) = postSolution
		{59217B2A-45D0-4FE5-94F9-8187987EE142}.Debug|Any CPU.ActiveCfg = Debug|Any CPU
		{59217B2A-45D0-4FE5-94F9-8187987EE142}.Debug|Any CPU.Build.0 = Debug|Any CPU
		{59217B2A-45D0-4FE5-94F9-8187987EE142}.Release|Any CPU.ActiveCfg = Release|Any CPU
		{59217B2A-45D0-4FE5-94F9-8187987EE142}.Release|Any CPU.Build.0 = Release|Any CPU
	EndGlobalSection
	GlobalSection(SolutionProperties) = preSolution
		HideSolutionNode = FALSE
	EndGlobalSection
	GlobalSection(ExtensibilityGlobals) = postSolution
		SolutionGuid = {1486CCC4-9592-4628-85AC-13756900F4E6}
	EndGlobalSection
EndGlobal
